
Microsoft Visual Studio Solution File, Format Version 12.00
# Visual Studio Version 17
VisualStudioVersion = 17.12.35527.113
MinimumVisualStudioVersion = 10.0.40219.1
Project("{8BC9CEB8-8B4A-11D0-8D11-00A0C91BC942}") = "SystemProgramming", "Demo\Demo.vcxproj", "{43E7AA79-0E20-4C18-996B-AB2BFE056AE3}"
EndProject
Project("{8BC9CEB8-8B4A-11D0-8D11-00A0C91BC942}") = "LinuxDLL", "LinuxDLL\LinuxDLL.vcxproj", "{E3917174-5CD6-4E58-A04F-0F9AED48C881}"
EndProject
Global
	GlobalSection(SolutionConfigurationPlatforms) = preSolution
		Debug|ARM = Debug|ARM
		Debug|ARM64 = Debug|ARM64
		Debug|x64 = Debug|x64
		Debug|x86 = Debug|x86
		Release|ARM = Release|ARM
		Release|ARM64 = Release|ARM64
		Release|x64 = Release|x64
		Release|x86 = Release|x86
	EndGlobalSection
	GlobalSection(ProjectConfigurationPlatforms) = postSolution
		{43E7AA79-0E20-4C18-996B-AB2BFE056AE3}.Debug|ARM.ActiveCfg = Debug|ARM
		{43E7AA79-0E20-4C18-996B-AB2BFE056AE3}.Debug|ARM.Build.0 = Debug|ARM
		{43E7AA79-0E20-4C18-996B-AB2BFE056AE3}.Debug|ARM.Deploy.0 = Debug|ARM
		{43E7AA79-0E20-4C18-996B-AB2BFE056AE3}.Debug|ARM64.ActiveCfg = Debug|ARM64
		{43E7AA79-0E20-4C18-996B-AB2BFE056AE3}.Debug|ARM64.Build.0 = Debug|ARM64
		{43E7AA79-0E20-4C18-996B-AB2BFE056AE3}.Debug|ARM64.Deploy.0 = Debug|ARM64
		{43E7AA79-0E20-4C18-996B-AB2BFE056AE3}.Debug|x64.ActiveCfg = Debug|x64
		{43E7AA79-0E20-4C18-996B-AB2BFE056AE3}.Debug|x64.Build.0 = Debug|x64
		{43E7AA79-0E20-4C18-996B-AB2BFE056AE3}.Debug|x64.Deploy.0 = Debug|x64
		{43E7AA79-0E20-4C18-996B-AB2BFE056AE3}.Debug|x86.ActiveCfg = Debug|x86
		{43E7AA79-0E20-4C18-996B-AB2BFE056AE3}.Debug|x86.Build.0 = Debug|x86
		{43E7AA79-0E20-4C18-996B-AB2BFE056AE3}.Debug|x86.Deploy.0 = Debug|x86
		{43E7AA79-0E20-4C18-996B-AB2BFE056AE3}.Release|ARM.ActiveCfg = Release|ARM
		{43E7AA79-0E20-4C18-996B-AB2BFE056AE3}.Release|ARM.Build.0 = Release|ARM
		{43E7AA79-0E20-4C18-996B-AB2BFE056AE3}.Release|ARM.Deploy.0 = Release|ARM
		{43E7AA79-0E20-4C18-996B-AB2BFE056AE3}.Release|ARM64.ActiveCfg = Release|ARM64
		{43E7AA79-0E20-4C18-996B-AB2BFE056AE3}.Release|ARM64.Build.0 = Release|ARM64
		{43E7AA79-0E20-4C18-996B-AB2BFE056AE3}.Release|ARM64.Deploy.0 = Release|ARM64
		{43E7AA79-0E20-4C18-996B-AB2BFE056AE3}.Release|x64.ActiveCfg = Release|x64
		{43E7AA79-0E20-4C18-996B-AB2BFE056AE3}.Release|x64.Build.0 = Release|x64
		{43E7AA79-0E20-4C18-996B-AB2BFE056AE3}.Release|x64.Deploy.0 = Release|x64
		{43E7AA79-0E20-4C18-996B-AB2BFE056AE3}.Release|x86.ActiveCfg = Release|x86
		{43E7AA79-0E20-4C18-996B-AB2BFE056AE3}.Release|x86.Build.0 = Release|x86
		{43E7AA79-0E20-4C18-996B-AB2BFE056AE3}.Release|x86.Deploy.0 = Release|x86
		{E3917174-5CD6-4E58-A04F-0F9AED48C881}.Debug|ARM.ActiveCfg = Debug|ARM
		{E3917174-5CD6-4E58-A04F-0F9AED48C881}.Debug|ARM.Build.0 = Debug|ARM
		{E3917174-5CD6-4E58-A04F-0F9AED48C881}.Debug|ARM.Deploy.0 = Debug|ARM
		{E3917174-5CD6-4E58-A04F-0F9AED48C881}.Debug|ARM64.ActiveCfg = Debug|ARM64
		{E3917174-5CD6-4E58-A04F-0F9AED48C881}.Debug|ARM64.Build.0 = Debug|ARM64
		{E3917174-5CD6-4E58-A04F-0F9AED48C881}.Debug|ARM64.Deploy.0 = Debug|ARM64
		{E3917174-5CD6-4E58-A04F-0F9AED48C881}.Debug|x64.ActiveCfg = Debug|x64
		{E3917174-5CD6-4E58-A04F-0F9AED48C881}.Debug|x64.Build.0 = Debug|x64
		{E3917174-5CD6-4E58-A04F-0F9AED48C881}.Debug|x64.Deploy.0 = Debug|x64
		{E3917174-5CD6-4E58-A04F-0F9AED48C881}.Debug|x86.ActiveCfg = Debug|x86
		{E3917174-5CD6-4E58-A04F-0F9AED48C881}.Debug|x86.Build.0 = Debug|x86
		{E3917174-5CD6-4E58-A04F-0F9AED48C881}.Debug|x86.Deploy.0 = Debug|x86
		{E3917174-5CD6-4E58-A04F-0F9AED48C881}.Release|ARM.ActiveCfg = Release|ARM
		{E3917174-5CD6-4E58-A04F-0F9AED48C881}.Release|ARM.Build.0 = Release|ARM
		{E3917174-5CD6-4E58-A04F-0F9AED48C881}.Release|ARM.Deploy.0 = Release|ARM
		{E3917174-5CD6-4E58-A04F-0F9AED48C881}.Release|ARM64.ActiveCfg = Release|ARM64
		{E3917174-5CD6-4E58-A04F-0F9AED48C881}.Release|ARM64.Build.0 = Release|ARM64
		{E3917174-5CD6-4E58-A04F-0F9AED48C881}.Release|ARM64.Deploy.0 = Release|ARM64
		{E3917174-5CD6-4E58-A04F-0F9AED48C881}.Release|x64.ActiveCfg = Release|x64
		{E3917174-5CD6-4E58-A04F-0F9AED48C881}.Release|x64.Build.0 = Release|x64
		{E3917174-5CD6-4E58-A04F-0F9AED48C881}.Release|x64.Deploy.0 = Release|x64
		{E3917174-5CD6-4E58-A04F-0F9AED48C881}.Release|x86.ActiveCfg = Release|x86
		{E3917174-5CD6-4E58-A04F-0F9AED48C881}.Release|x86.Build.0 = Release|x86
		{E3917174-5CD6-4E58-A04F-0F9AED48C881}.Release|x86.Deploy.0 = Release|x86
	EndGlobalSection
	GlobalSection(SolutionProperties) = preSolution
		HideSolutionNode = FALSE
	EndGlobalSection
EndGlobal
